
Microsoft Visual Studio Solution File, Format Version 12.00
# Visual Studio Version 17
VisualStudioVersion = 17.10.35004.147
MinimumVisualStudioVersion = 10.0.40219.1
Project("{9A19103F-16F7-4668-BE54-9A1E7A4F7556}") = "HelpUs.API", "HelpUs.API\HelpUs.API.csproj", "{CD4AE2DB-D116-4EAB-9C18-6963722D607B}"
EndProject
Project("{2150E333-8FDC-42A3-9474-1A3956D46DE8}") = "Solution Items", "Solution Items", "{C1A0059D-8BBF-4B18-B1DB-5E77F7365094}"
	ProjectSection(SolutionItems) = preProject
		.gitignore = .gitignore
	EndProjectSection
EndProject
Global
	GlobalSection(SolutionConfigurationPlatforms) = preSolution
		Debug|Any CPU = Debug|Any CPU
		Release|Any CPU = Release|Any CPU
	EndGlobalSection
	GlobalSection(ProjectConfigurationPlatforms) = postSolution
		{CD4AE2DB-D116-4EAB-9C18-6963722D607B}.Debug|Any CPU.ActiveCfg = Debug|Any CPU
		{CD4AE2DB-D116-4EAB-9C18-6963722D607B}.Debug|Any CPU.Build.0 = Debug|Any CPU
		{CD4AE2DB-D116-4EAB-9C18-6963722D607B}.Release|Any CPU.ActiveCfg = Release|Any CPU
		{CD4AE2DB-D116-4EAB-9C18-6963722D607B}.Release|Any CPU.Build.0 = Release|Any CPU
	EndGlobalSection
	GlobalSection(SolutionProperties) = preSolution
		HideSolutionNode = FALSE
	EndGlobalSection
	GlobalSection(ExtensibilityGlobals) = postSolution
		SolutionGuid = {76596FC6-8836-4F55-AB61-C3881F278F51}
	EndGlobalSection
EndGlobal
